
Microsoft Visual Studio Solution File, Format Version 12.00
# Visual Studio Version 17
VisualStudioVersion = 17.6.33801.468
MinimumVisualStudioVersion = 10.0.40219.1
Project("{8BC9CEB8-8B4A-11D0-8D11-00A0C91BC942}") = "Lesson26", "Lesson26\Lesson26.vcxproj", "{D355073C-28B5-4E83-8B16-02145DB6555D}"
EndProject
Global
	GlobalSection(SolutionConfigurationPlatforms) = preSolution
		Debug|x64 = Debug|x64
		Debug|x86 = Debug|x86
		Release|x64 = Release|x64
		Release|x86 = Release|x86
	EndGlobalSection
	GlobalSection(ProjectConfigurationPlatforms) = postSolution
		{D355073C-28B5-4E83-8B16-02145DB6555D}.Debug|x64.ActiveCfg = Debug|x64
		{D355073C-28B5-4E83-8B16-02145DB6555D}.Debug|x64.Build.0 = Debug|x64
		{D355073C-28B5-4E83-8B16-02145DB6555D}.Debug|x86.ActiveCfg = Debug|Win32
		{D355073C-28B5-4E83-8B16-02145DB6555D}.Debug|x86.Build.0 = Debug|Win32
		{D355073C-28B5-4E83-8B16-02145DB6555D}.Release|x64.ActiveCfg = Release|x64
		{D355073C-28B5-4E83-8B16-02145DB6555D}.Release|x64.Build.0 = Release|x64
		{D355073C-28B5-4E83-8B16-02145DB6555D}.Release|x86.ActiveCfg = Release|Win32
		{D355073C-28B5-4E83-8B16-02145DB6555D}.Release|x86.Build.0 = Release|Win32
	EndGlobalSection
	GlobalSection(SolutionProperties) = preSolution
		HideSolutionNode = FALSE
	EndGlobalSection
	GlobalSection(ExtensibilityGlobals) = postSolution
		SolutionGuid = {941F0452-0AE0-498A-B7D6-F81BE8E5DB51}
	EndGlobalSection
EndGlobal
